{
  "nodes": {
    "home-manager": {
      "inputs": {
        "nixpkgs": [
          "nixpkgs"
        ]
      },
      "locked": {
        "lastModified": 1685599623,
        "narHash": "sha256-Tob4CMOVHue0D3RzguDBCtUmX5ji2PsdbQDbIOIKvsc=",
        "owner": "nix-community",
        "repo": "home-manager",
        "rev": "93db05480c0c0f30382d3e80779e8386dcb4f9dd",
        "type": "github"
      },
      "original": {
        "owner": "nix-community",
        "ref": "release-23.05",
        "repo": "home-manager",
        "type": "github"
      }
    },
    "nixpkgs": {
      "locked": {
        "lastModified": 1685952468,
        "narHash": "sha256-YCOr9kttCqoa9IZMjHxX6SlwenTg7FsSmG9TaT76mSE=",
        "owner": "nixos",
        "repo": "nixpkgs",
        "rev": "70f7275b32f49bc67ae3532b758b80cb6c27f98a",
        "type": "github"
      },
      "original": {
        "owner": "nixos",
        "ref": "nixos-23.05",
        "repo": "nixpkgs",
        "type": "github"
      }
    },
    "root": {
      "inputs": {
        "home-manager": "home-manager",
        "nixpkgs": "nixpkgs",
        "z": "z"
      }
    },
    "z": {
      "inputs": {
        "nixpkgs": [
          "nixpkgs"
        ]
      },
      "locked": {
        "lastModified": 1686124080,
        "narHash": "sha256-kbiUeOiK7MUPAB4cqIPLyYuraca65MDHcpOb6p7rxfg=",
        "owner": "murtaza-u",
        "repo": "z",
        "rev": "273caa5fa85d1737564bb454a773ba93746519f3",
        "type": "github"
      },
      "original": {
        "owner": "murtaza-u",
        "repo": "z",
        "type": "github"
      }
    }
  },
  "root": "root",
  "version": 7
}
